
Microsoft Visual Studio Solution File, Format Version 12.00
# Visual Studio 15
VisualStudioVersion = 15.0.28307.1778
MinimumVisualStudioVersion = 10.0.40219.1
Project("{FAE04EC0-301F-11D3-BF4B-00C04F79EFBC}") = "ToDoAPI.API", "ToDoAPI.API\ToDoAPI.API.csproj", "{212E3BBC-5005-4CA7-8198-D4E1A1B1D042}"
EndProject
Project("{FAE04EC0-301F-11D3-BF4B-00C04F79EFBC}") = "ToDoAPI.Data.EF", "..\ToDoAPI.Data.EF\ToDoAPI.Data.EF.csproj", "{0235FBA1-E7A4-4077-B483-224EF28E4799}"
EndProject
Project("{2150E333-8FDC-42A3-9474-1A3956D46DE8}") = "Solution Items", "Solution Items", "{2201071A-B914-4D06-8620-2A7BFEE5820A}"
	ProjectSection(SolutionItems) = preProject
		.gitignore = .gitignore
	EndProjectSection
EndProject
Global
	GlobalSection(SolutionConfigurationPlatforms) = preSolution
		Debug|Any CPU = Debug|Any CPU
		Release|Any CPU = Release|Any CPU
	EndGlobalSection
	GlobalSection(ProjectConfigurationPlatforms) = postSolution
		{212E3BBC-5005-4CA7-8198-D4E1A1B1D042}.Debug|Any CPU.ActiveCfg = Debug|Any CPU
		{212E3BBC-5005-4CA7-8198-D4E1A1B1D042}.Debug|Any CPU.Build.0 = Debug|Any CPU
		{212E3BBC-5005-4CA7-8198-D4E1A1B1D042}.Release|Any CPU.ActiveCfg = Release|Any CPU
		{212E3BBC-5005-4CA7-8198-D4E1A1B1D042}.Release|Any CPU.Build.0 = Release|Any CPU
		{0235FBA1-E7A4-4077-B483-224EF28E4799}.Debug|Any CPU.ActiveCfg = Debug|Any CPU
		{0235FBA1-E7A4-4077-B483-224EF28E4799}.Debug|Any CPU.Build.0 = Debug|Any CPU
		{0235FBA1-E7A4-4077-B483-224EF28E4799}.Release|Any CPU.ActiveCfg = Release|Any CPU
		{0235FBA1-E7A4-4077-B483-224EF28E4799}.Release|Any CPU.Build.0 = Release|Any CPU
	EndGlobalSection
	GlobalSection(SolutionProperties) = preSolution
		HideSolutionNode = FALSE
	EndGlobalSection
	GlobalSection(ExtensibilityGlobals) = postSolution
		SolutionGuid = {0983EC52-C581-4207-A78C-257C6EF52120}
	EndGlobalSection
EndGlobal
